// !$*UTF8*$!
{
	archiveVersion = 1;
	classes = {
	};
	objectVersion = 46;
	objects = {

/* Begin PBXBuildFile section */
		CCEB78F11D0D5B8000FDEB8E /* main.m in Sources */ = {isa = PBXBuildFile; fileRef = CCEB78F01D0D5B8000FDEB8E /* main.m */; };
		CCEB78F41D0D5B8000FDEB8E /* AppDelegate.m in Sources */ = {isa = PBXBuildFile; fileRef = CCEB78F31D0D5B8000FDEB8E /* AppDelegate.m */; };
		CCEB78F71D0D5B8000FDEB8E /* ViewController.m in Sources */ = {isa = PBXBuildFile; fileRef = CCEB78F61D0D5B8000FDEB8E /* ViewController.m */; };
		CCEB78FA1D0D5B8000FDEB8E /* Main.storyboard in Resources */ = {isa = PBXBuildFile; fileRef = CCEB78F81D0D5B8000FDEB8E /* Main.storyboard */; };
		CCEB78FC1D0D5B8000FDEB8E /* Assets.xcassets in Resources */ = {isa = PBXBuildFile; fileRef = CCEB78FB1D0D5B8000FDEB8E /* Assets.xcassets */; };
		CCEB78FF1D0D5B8000FDEB8E /* LaunchScreen.storyboard in Resources */ = {isa = PBXBuildFile; fileRef = CCEB78FD1D0D5B8000FDEB8E /* LaunchScreen.storyboard */; };
/* End PBXBuildFile section */

/* Begin PBXFileReference section */
		CCEB78EC1D0D5B8000FDEB8E /* 04-BarrierDemo.app */ = {isa = PBXFileReference; explicitFileType = wrapper.application; includeInIndex = 0; path = "04-BarrierDemo.app"; sourceTree = BUILT_PRODUCTS_DIR; };
		CCEB78F01D0D5B8000FDEB8E /* main.m */ = {isa = PBXFileReference; lastKnownFileType = sourcecode.c.objc; path = main.m; sourceTree = "<group>"; };
		CCEB78F21D0D5B8000FDEB8E /* AppDelegate.h */ = {isa = PBXFileReference; lastKnownFileType = sourcecode.c.h; path = AppDelegate.h; sourceTree = "<group>"; };
		CCEB78F31D0D5B8000FDEB8E /* AppDelegate.m */ = {isa = PBXFileReference; lastKnownFileType = sourcecode.c.objc; path = AppDelegate.m; sourceTree = "<group>"; };
		CCEB78F51D0D5B8000FDEB8E /* ViewController.h */ = {isa = PBXFileReference; lastKnownFileType = sourcecode.c.h; path = ViewController.h; sourceTree = "<group>"; };
		CCEB78F61D0D5B8000FDEB8E /* ViewController.m */ = {isa = PBXFileReference; lastKnownFileType = sourcecode.c.objc; path = ViewController.m; sourceTree = "<group>"; };
		CCEB78F91D0D5B8000FDEB8E /* Base */ = {isa = PBXFileReference; lastKnownFileType = file.storyboard; name = Base; path = Base.lproj/Main.storyboard; sourceTree = "<group>"; };
		CCEB78FB1D0D5B8000FDEB8E /* Assets.xcassets */ = {isa = PBXFileReference; lastKnownFileType = folder.assetcatalog; path = Assets.xcassets; sourceTree = "<group>"; };
		CCEB78FE1D0D5B8000FDEB8E /* Base */ = {isa = PBXFileReference; lastKnownFileType = file.storyboard; name = Base; path = Base.lproj/LaunchScreen.storyboard; sourceTree = "<group>"; };
		CCEB79001D0D5B8100FDEB8E /* Info.plist */ = {isa = PBXFileReference; lastKnownFileType = text.plist.xml; path = Info.plist; sourceTree = "<group>"; };
/* End PBXFileReference section */

/* Begin PBXFrameworksBuildPhase section */
		CCEB78E91D0D5B8000FDEB8E /* Frameworks */ = {
			isa = PBXFrameworksBuildPhase;
			buildActionMask = 2147483647;
			files = (
			);
			runOnlyForDeploymentPostprocessing = 0;
		};
/* End PBXFrameworksBuildPhase section */

/* Begin PBXGroup section */
		CCEB78E31D0D5B8000FDEB8E = {
			isa = PBXGroup;
			children = (
				CCEB78EE1D0D5B8000FDEB8E /* 04-BarrierDemo */,
				CCEB78ED1D0D5B8000FDEB8E /* Products */,
			);
			sourceTree = "<group>";
		};
		CCEB78ED1D0D5B8000FDEB8E /* Products */ = {
			isa = PBXGroup;
			children = (
				CCEB78EC1D0D5B8000FDEB8E /* 04-BarrierDemo.app */,
			);
			name = Products;
			sourceTree = "<group>";
		};
		CCEB78EE1D0D5B8000FDEB8E /* 04-BarrierDemo */ = {
			isa = PBXGroup;
			children = (
				CCEB78F21D0D5B8000FDEB8E /* AppDelegate.h */,
				CCEB78F31D0D5B8000FDEB8E /* AppDelegate.m */,
				CCEB78F51D0D5B8000FDEB8E /* ViewController.h */,
				CCEB78F61D0D5B8000FDEB8E /* ViewController.m */,
				CCEB78F81D0D5B8000FDEB8E /* Main.storyboard */,
				CCEB78FB1D0D5B8000FDEB8E /* Assets.xcassets */,
				CCEB78FD1D0D5B8000FDEB8E /* LaunchScreen.storyboard */,
				CCEB79001D0D5B8100FDEB8E /* Info.plist */,
				CCEB78EF1D0D5B8000FDEB8E /* Supporting Files */,
			);
			path = "04-BarrierDemo";
			sourceTree = "<group>";
		};
		CCEB78EF1D0D5B8000FDEB8E /* Supporting Files */ = {
			isa = PBXGroup;
			children = (
				CCEB78F01D0D5B8000FDEB8E /* main.m */,
			);
			name = "Supporting Files";
			sourceTree = "<group>";
		};
/* End PBXGroup section */

/* Begin PBXNativeTarget section */
		CCEB78EB1D0D5B8000FDEB8E /* 04-BarrierDemo */ = {
			isa = PBXNativeTarget;
			buildConfigurationList = CCEB79031D0D5B8100FDEB8E /* Build configuration list for PBXNativeTarget "04-BarrierDemo" */;
			buildPhases = (
				CCEB78E81D0D5B8000FDEB8E /* Sources */,
				CCEB78E91D0D5B8000FDEB8E /* Frameworks */,
				CCEB78EA1D0D5B8000FDEB8E /* Resources */,
			);
			buildRules = (
			);
			dependencies = (
			);
			name = "04-BarrierDemo";
			productName = "04-BarrierDemo";
			productReference = CCEB78EC1D0D5B8000FDEB8E /* 04-BarrierDemo.app */;
			productType = "com.apple.product-type.application";
		};
/* End PBXNativeTarget section */

/* Begin PBXProject section */
		CCEB78E41D0D5B8000FDEB8E /* Project object */ = {
			isa = PBXProject;
			attributes = {
				LastUpgradeCheck = 0710;
				ORGANIZATIONNAME = QingYun;
				TargetAttributes = {
					CCEB78EB1D0D5B8000FDEB8E = {
						CreatedOnToolsVersion = 7.1.1;
					};
				};
			};
			buildConfigurationList = CCEB78E71D0D5B8000FDEB8E /* Build configuration list for PBXProject "04-BarrierDemo" */;
			compatibilityVersion = "Xcode 3.2";
			developmentRegion = English;
			hasScannedForEncodings = 0;
			knownRegions = (
				en,
				Base,
			);
			mainGroup = CCEB78E31D0D5B8000FDEB8E;
			productRefGroup = CCEB78ED1D0D5B8000FDEB8E /* Products */;
			projectDirPath = "";
			projectRoot = "";
			targets = (
				CCEB78EB1D0D5B8000FDEB8E /* 04-BarrierDemo */,
			);
		};
/* End PBXProject section */

/* Begin PBXResourcesBuildPhase section */
		CCEB78EA1D0D5B8000FDEB8E /* Resources */ = {
			isa = PBXResourcesBuildPhase;
			buildActionMask = 2147483647;
			files = (
				CCEB78FF1D0D5B8000FDEB8E /* LaunchScreen.storyboard in Resources */,
				CCEB78FC1D0D5B8000FDEB8E /* Assets.xcassets in Resources */,
				CCEB78FA1D0D5B8000FDEB8E /* Main.storyboard in Resources */,
			);
			runOnlyForDeploymentPostprocessing = 0;
		};
/* End PBXResourcesBuildPhase section */

/* Begin PBXSourcesBuildPhase section */
		CCEB78E81D0D5B8000FDEB8E /* Sources */ = {
			isa = PBXSourcesBuildPhase;
			buildActionMask = 2147483647;
			files = (
				CCEB78F71D0D5B8000FDEB8E /* ViewController.m in Sources */,
				CCEB78F41D0D5B8000FDEB8E /* AppDelegate.m in Sources */,
				CCEB78F11D0D5B8000FDEB8E /* main.m in Sources */,
			);
			runOnlyForDeploymentPostprocessing = 0;
		};
/* End PBXSourcesBuildPhase section */

/* Begin PBXVariantGroup section */
		CCEB78F81D0D5B8000FDEB8E /* Main.storyboard */ = {
			isa = PBXVariantGroup;
			children = (
				CCEB78F91D0D5B8000FDEB8E /* Base */,
			);
			name = Main.storyboard;
			sourceTree = "<group>";
		};
		CCEB78FD1D0D5B8000FDEB8E /* LaunchScreen.storyboard */ = {
			isa = PBXVariantGroup;
			children = (
				CCEB78FE1D0D5B8000FDEB8E /* Base */,
			);
			name = LaunchScreen.storyboard;
			sourceTree = "<group>";
		};
/* End PBXVariantGroup section */

/* Begin XCBuildConfiguration section */
		CCEB79011D0D5B8100FDEB8E /* Debug */ = {
			isa = XCBuildConfiguration;
			buildSettings = {
				ALWAYS_SEARCH_USER_PATHS = NO;
				CLANG_CXX_LANGUAGE_STANDARD = "gnu++0x";
				CLANG_CXX_LIBRARY = "libc++";
				CLANG_ENABLE_MODULES = YES;
				CLANG_ENABLE_OBJC_ARC = YES;
				CLANG_WARN_BOOL_CONVERSION = YES;
				CLANG_WARN_CONSTANT_CONVERSION = YES;
				CLANG_WARN_DIRECT_OBJC_ISA_USAGE = YES_ERROR;
				CLANG_WARN_EMPTY_BODY = YES;
				CLANG_WARN_ENUM_CONVERSION = YES;
				CLANG_WARN_INT_CONVERSION = YES;
				CLANG_WARN_OBJC_ROOT_CLASS = YES_ERROR;
				CLANG_WARN_UNREACHABLE_CODE = YES;
				CLANG_WARN__DUPLICATE_METHOD_MATCH = YES;
				"CODE_SIGN_IDENTITY[sdk=iphoneos*]" = "iPhone Developer";
				COPY_PHASE_STRIP = NO;
				DEBUG_INFORMATION_FORMAT = dwarf;
				ENABLE_STRICT_OBJC_MSGSEND = YES;
				ENABLE_TESTABILITY = YES;
				GCC_C_LANGUAGE_STANDARD = gnu99;
				GCC_DYNAMIC_NO_PIC = NO;
				GCC_NO_COMMON_BLOCKS = YES;
				GCC_OPTIMIZATION_LEVEL = 0;
				GCC_PREPROCESSOR_DEFINITIONS = (
					"DEBUG=1",
					"$(inherited)",
				);
				GCC_WARN_64_TO_32_BIT_CONVERSION = YES;
				GCC_WARN_ABOUT_RETURN_TYPE = YES_ERROR;
				GCC_WARN_UNDECLARED_SELECTOR = YES;
				GCC_WARN_UNINITIALIZED_AUTOS = YES_AGGRESSIVE;
				GCC_WARN_UNUSED_FUNCTION = YES;
				GCC_WARN_UNUSED_VARIABLE = YES;
				IPHONEOS_DEPLOYMENT_TARGET = 9.1;
				MTL_ENABLE_DEBUG_INFO = YES;
				ONLY_ACTIVE_ARCH = YES;
				SDKROOT = iphoneos;
			};
			name = Debug;
		};
		CCEB79021D0D5B8100FDEB8E /* Release */ = {
			isa = XCBuildConfiguration;
			buildSettings = {
				ALWAYS_SEARCH_USER_PATHS = NO;
				CLANG_CXX_LANGUAGE_STANDARD = "gnu++0x";
				CLANG_CXX_LIBRARY = "libc++";
				CLANG_ENABLE_MODULES = YES;
				CLANG_ENABLE_OBJC_ARC = YES;
				CLANG_WARN_BOOL_CONVERSION = YES;
				CLANG_WARN_CONSTANT_CONVERSION = YES;
				CLANG_WARN_DIRECT_OBJC_ISA_USAGE = YES_ERROR;
				CLANG_WARN_EMPTY_BODY = YES;
				CLANG_WARN_ENUM_CONVERSION = YES;
				CLANG_WARN_INT_CONVERSION = YES;
				CLANG_WARN_OBJC_ROOT_CLASS = YES_ERROR;
				CLANG_WARN_UNREACHABLE_CODE = YES;
				CLANG_WARN__DUPLICATE_METHOD_MATCH = YES;
				"CODE_SIGN_IDENTITY[sdk=iphoneos*]" = "iPhone Developer";
				COPY_PHASE_STRIP = NO;
				DEBUG_INFORMATION_FORMAT = "dwarf-with-dsym";
				ENABLE_NS_ASSERTIONS = NO;
				ENABLE_STRICT_OBJC_MSGSEND = YES;
				GCC_C_LANGUAGE_STANDARD = gnu99;
				GCC_NO_COMMON_BLOCKS = YES;
				GCC_WARN_64_TO_32_BIT_CONVERSION = YES;
				GCC_WARN_ABOUT_RETURN_TYPE = YES_ERROR;
				GCC_WARN_UNDECLARED_SELECTOR = YES;
				GCC_WARN_UNINITIALIZED_AUTOS = YES_AGGRESSIVE;
				GCC_WARN_UNUSED_FUNCTION = YES;
				GCC_WARN_UNUSED_VARIABLE = YES;
				IPHONEOS_DEPLOYMENT_TARGET = 9.1;
				MTL_ENABLE_DEBUG_INFO = NO;
				SDKROOT = iphoneos;
				VALIDATE_PRODUCT = YES;
			};
			name = Release;
		};
		CCEB79041D0D5B8100FDEB8E /* Debug */ = {
			isa = XCBuildConfiguration;
			buildSettings = {
				ASSETCATALOG_COMPILER_APPICON_NAME = AppIcon;
				INFOPLIST_FILE = "04-BarrierDemo/Info.plist";
				LD_RUNPATH_SEARCH_PATHS = "$(inherited) @executable_path/Frameworks";
				PRODUCT_BUNDLE_IDENTIFIER = "com.Qingyun.-4-BarrierDemo";
				PRODUCT_NAME = "$(TARGET_NAME)";
			};
			name = Debug;
		};
		CCEB79051D0D5B8100FDEB8E /* Release */ = {
			isa = XCBuildConfiguration;
			buildSettings = {
				ASSETCATALOG_COMPILER_APPICON_NAME = AppIcon;
				INFOPLIST_FILE = "04-BarrierDemo/Info.plist";
				LD_RUNPATH_SEARCH_PATHS = "$(inherited) @executable_path/Frameworks";
				PRODUCT_BUNDLE_IDENTIFIER = "com.Qingyun.-4-BarrierDemo";
				PRODUCT_NAME = "$(TARGET_NAME)";
			};
			name = Release;
		};
/* End XCBuildConfiguration section */

/* Begin XCConfigurationList section */
		CCEB78E71D0D5B8000FDEB8E /* Build configuration list for PBXProject "04-BarrierDemo" */ = {
			isa = XCConfigurationList;
			buildConfigurations = (
				CCEB79011D0D5B8100FDEB8E /* Debug */,
				CCEB79021D0D5B8100FDEB8E /* Release */,
			);
			defaultConfigurationIsVisible = 0;
			defaultConfigurationName = Release;
		};
		CCEB79031D0D5B8100FDEB8E /* Build configuration list for PBXNativeTarget "04-BarrierDemo" */ = {
			isa = XCConfigurationList;
			buildConfigurations = (
				CCEB79041D0D5B8100FDEB8E /* Debug */,
				CCEB79051D0D5B8100FDEB8E /* Release */,
			);
			defaultConfigurationIsVisible = 0;
		};
/* End XCConfigurationList section */
	};
	rootObject = CCEB78E41D0D5B8000FDEB8E /* Project object */;
}
